
Microsoft Visual Studio Solution File, Format Version 12.00
# Visual Studio Version 17
VisualStudioVersion = 17.3.32929.385
MinimumVisualStudioVersion = 10.0.40219.1
Project("{FAE04EC0-301F-11D3-BF4B-00C04F79EFBC}") = "Statik Class Kullanimi", "Statik Class Kullanimi.csproj", "{0E081C08-034D-4805-83DC-D04127E0F156}"
EndProject
Global
	GlobalSection(SolutionConfigurationPlatforms) = preSolution
		Debug|Any CPU = Debug|Any CPU
		Release|Any CPU = Release|Any CPU
	EndGlobalSection
	GlobalSection(ProjectConfigurationPlatforms) = postSolution
		{0E081C08-034D-4805-83DC-D04127E0F156}.Debug|Any CPU.ActiveCfg = Debug|Any CPU
		{0E081C08-034D-4805-83DC-D04127E0F156}.Debug|Any CPU.Build.0 = Debug|Any CPU
		{0E081C08-034D-4805-83DC-D04127E0F156}.Release|Any CPU.ActiveCfg = Release|Any CPU
		{0E081C08-034D-4805-83DC-D04127E0F156}.Release|Any CPU.Build.0 = Release|Any CPU
	EndGlobalSection
	GlobalSection(SolutionProperties) = preSolution
		HideSolutionNode = FALSE
	EndGlobalSection
	GlobalSection(ExtensibilityGlobals) = postSolution
		SolutionGuid = {66C4BDAE-DF58-47FA-B1FC-0D3B3BD94D73}
	EndGlobalSection
EndGlobal
